// !$*UTF8*$!
{
	archiveVersion = 1;
	classes = {
	};
	objectVersion = 45;
	objects = {

/* Begin PBXBuildFile section */
		4CC5EA2D12DC8205001F282E /* PXSourceList.framework in Frameworks */ = {isa = PBXBuildFile; fileRef = 4CC5EA2A12DC81ED001F282E /* PXSourceList.framework */; };
		4CC5EA3212DC8224001F282E /* PXSourceList.m in Sources */ = {isa = PBXBuildFile; fileRef = D2EA6EC110D9205A00402758 /* PXSourceList.m */; };
		4CC5EA4C12DC8339001F282E /* PXSourceList.h in Headers */ = {isa = PBXBuildFile; fileRef = D2EA6EC010D9205A00402758 /* PXSourceList.h */; settings = {ATTRIBUTES = (Public, ); }; };
		4CC5EA4D12DC8339001F282E /* PXSourceListDataSource.h in Headers */ = {isa = PBXBuildFile; fileRef = D2EA6EFF10D925AA00402758 /* PXSourceListDataSource.h */; settings = {ATTRIBUTES = (Public, ); }; };
		4CC5EA4E12DC8339001F282E /* PXSourceListDelegate.h in Headers */ = {isa = PBXBuildFile; fileRef = D2EA6F0010D925AA00402758 /* PXSourceListDelegate.h */; settings = {ATTRIBUTES = (Public, ); }; };
		8D11072B0486CEB800E47090 /* InfoPlist.strings in Resources */ = {isa = PBXBuildFile; fileRef = 089C165CFE840E0CC02AAC07 /* InfoPlist.strings */; };
		8D11072D0486CEB800E47090 /* main.m in Sources */ = {isa = PBXBuildFile; fileRef = 29B97316FDCFA39411CA2CEA /* main.m */; settings = {ATTRIBUTES = (); }; };
		8D11072F0486CEB800E47090 /* Cocoa.framework in Frameworks */ = {isa = PBXBuildFile; fileRef = 1058C7A1FEA54F0111CA2CBB /* Cocoa.framework */; };
		D205EDF010F7A609004C6545 /* MainMenu.xib in Resources */ = {isa = PBXBuildFile; fileRef = D205EDEF10F7A609004C6545 /* MainMenu.xib */; };
		D205EDF710F7A693004C6545 /* AppDelegate.m in Sources */ = {isa = PBXBuildFile; fileRef = D205EDF610F7A693004C6545 /* AppDelegate.m */; };
		D2456CAA10F8F7F500B8045C /* audiobooks.png in Resources */ = {isa = PBXBuildFile; fileRef = D2456CA410F8F7F500B8045C /* audiobooks.png */; };
		D2456CAB10F8F7F500B8045C /* movies.png in Resources */ = {isa = PBXBuildFile; fileRef = D2456CA510F8F7F500B8045C /* movies.png */; };
		D2456CAC10F8F7F500B8045C /* music.png in Resources */ = {isa = PBXBuildFile; fileRef = D2456CA610F8F7F500B8045C /* music.png */; };
		D2456CAD10F8F7F500B8045C /* playlist.png in Resources */ = {isa = PBXBuildFile; fileRef = D2456CA710F8F7F500B8045C /* playlist.png */; };
		D2456CAE10F8F7F500B8045C /* playlistFolder.png in Resources */ = {isa = PBXBuildFile; fileRef = D2456CA810F8F7F500B8045C /* playlistFolder.png */; };
		D2456CAF10F8F7F500B8045C /* podcasts.png in Resources */ = {isa = PBXBuildFile; fileRef = D2456CA910F8F7F500B8045C /* podcasts.png */; };
		D2456D8C10F90D3B00B8045C /* SourceListItem.m in Sources */ = {isa = PBXBuildFile; fileRef = D2456D8B10F90D3B00B8045C /* SourceListItem.m */; };
		D265C2D710E3814B00A1E824 /* TODO.rtf in Resources */ = {isa = PBXBuildFile; fileRef = D265C2D610E3814B00A1E824 /* TODO.rtf */; };
/* End PBXBuildFile section */

/* Begin PBXContainerItemProxy section */
		4CC5EA2F12DC8209001F282E /* PBXContainerItemProxy */ = {
			isa = PBXContainerItemProxy;
			containerPortal = 29B97313FDCFA39411CA2CEA /* Project object */;
			proxyType = 1;
			remoteGlobalIDString = 4CC5EA2912DC81ED001F282E;
			remoteInfo = PXSourceList;
		};
/* End PBXContainerItemProxy section */

/* Begin PBXFileReference section */
		089C165DFE840E0CC02AAC07 /* InfoPlist.strings */ = {isa = PBXFileReference; fileEncoding = 4; lastKnownFileType = text.plist.strings; name = InfoPlist.strings; path = Resources/English.lproj/InfoPlist.strings; sourceTree = "<group>"; };
		1058C7A1FEA54F0111CA2CBB /* Cocoa.framework */ = {isa = PBXFileReference; lastKnownFileType = wrapper.framework; name = Cocoa.framework; path = /System/Library/Frameworks/Cocoa.framework; sourceTree = "<absolute>"; };
		13E42FB307B3F0F600E4EEF1 /* CoreData.framework */ = {isa = PBXFileReference; lastKnownFileType = wrapper.framework; name = CoreData.framework; path = /System/Library/Frameworks/CoreData.framework; sourceTree = "<absolute>"; };
		256AC3F00F4B6AF500CF3369 /* PXSourceList_Prefix.pch */ = {isa = PBXFileReference; fileEncoding = 4; lastKnownFileType = sourcecode.c.h; path = PXSourceList_Prefix.pch; sourceTree = "<group>"; };
		29B97316FDCFA39411CA2CEA /* main.m */ = {isa = PBXFileReference; fileEncoding = 4; lastKnownFileType = sourcecode.c.objc; path = main.m; sourceTree = "<group>"; };
		29B97324FDCFA39411CA2CEA /* AppKit.framework */ = {isa = PBXFileReference; lastKnownFileType = wrapper.framework; name = AppKit.framework; path = /System/Library/Frameworks/AppKit.framework; sourceTree = "<absolute>"; };
		29B97325FDCFA39411CA2CEA /* Foundation.framework */ = {isa = PBXFileReference; lastKnownFileType = wrapper.framework; name = Foundation.framework; path = /System/Library/Frameworks/Foundation.framework; sourceTree = "<absolute>"; };
		4CC5EA2A12DC81ED001F282E /* PXSourceList.framework */ = {isa = PBXFileReference; explicitFileType = wrapper.framework; includeInIndex = 0; path = PXSourceList.framework; sourceTree = BUILT_PRODUCTS_DIR; };
		8D1107310486CEB800E47090 /* PXSourceList-Info.plist */ = {isa = PBXFileReference; fileEncoding = 4; lastKnownFileType = text.plist.xml; path = "PXSourceList-Info.plist"; sourceTree = "<group>"; };
		8D1107320486CEB800E47090 /* PXSourceList.app */ = {isa = PBXFileReference; explicitFileType = wrapper.application; includeInIndex = 0; path = PXSourceList.app; sourceTree = BUILT_PRODUCTS_DIR; };
		D205EDDD10F7A1EE004C6545 /* README.markdown */ = {isa = PBXFileReference; fileEncoding = 4; lastKnownFileType = text; path = README.markdown; sourceTree = "<group>"; };
		D205EDEF10F7A609004C6545 /* MainMenu.xib */ = {isa = PBXFileReference; lastKnownFileType = file.xib; name = MainMenu.xib; path = Resources/MainMenu.xib; sourceTree = "<group>"; };
		D205EDF510F7A693004C6545 /* AppDelegate.h */ = {isa = PBXFileReference; fileEncoding = 4; lastKnownFileType = sourcecode.c.h; name = AppDelegate.h; path = Classes/AppDelegate.h; sourceTree = "<group>"; };
		D205EDF610F7A693004C6545 /* AppDelegate.m */ = {isa = PBXFileReference; fileEncoding = 4; lastKnownFileType = sourcecode.c.objc; name = AppDelegate.m; path = Classes/AppDelegate.m; sourceTree = "<group>"; };
		D205EE7D10F7B5AB004C6545 /* SourceListItem.h */ = {isa = PBXFileReference; fileEncoding = 4; lastKnownFileType = sourcecode.c.h; name = SourceListItem.h; path = Classes/SourceListItem.h; sourceTree = "<group>"; };
		D2456CA410F8F7F500B8045C /* audiobooks.png */ = {isa = PBXFileReference; lastKnownFileType = image.png; name = audiobooks.png; path = Resources/audiobooks.png; sourceTree = "<group>"; };
		D2456CA510F8F7F500B8045C /* movies.png */ = {isa = PBXFileReference; lastKnownFileType = image.png; name = movies.png; path = Resources/movies.png; sourceTree = "<group>"; };
		D2456CA610F8F7F500B8045C /* music.png */ = {isa = PBXFileReference; lastKnownFileType = image.png; name = music.png; path = Resources/music.png; sourceTree = "<group>"; };
		D2456CA710F8F7F500B8045C /* playlist.png */ = {isa = PBXFileReference; lastKnownFileType = image.png; name = playlist.png; path = Resources/playlist.png; sourceTree = "<group>"; };
		D2456CA810F8F7F500B8045C /* playlistFolder.png */ = {isa = PBXFileReference; lastKnownFileType = image.png; name = playlistFolder.png; path = Resources/playlistFolder.png; sourceTree = "<group>"; };
		D2456CA910F8F7F500B8045C /* podcasts.png */ = {isa = PBXFileReference; lastKnownFileType = image.png; name = podcasts.png; path = Resources/podcasts.png; sourceTree = "<group>"; };
		D2456D8B10F90D3B00B8045C /* SourceListItem.m */ = {isa = PBXFileReference; fileEncoding = 4; lastKnownFileType = sourcecode.c.objc; name = SourceListItem.m; path = Classes/SourceListItem.m; sourceTree = "<group>"; };
		D265C2D610E3814B00A1E824 /* TODO.rtf */ = {isa = PBXFileReference; lastKnownFileType = text.rtf; path = TODO.rtf; sourceTree = "<group>"; };
		D2EA6EC010D9205A00402758 /* PXSourceList.h */ = {isa = PBXFileReference; fileEncoding = 4; lastKnownFileType = sourcecode.c.h; name = PXSourceList.h; path = Classes/PXSourceList.h; sourceTree = "<group>"; };
		D2EA6EC110D9205A00402758 /* PXSourceList.m */ = {isa = PBXFileReference; fileEncoding = 4; lastKnownFileType = sourcecode.c.objc; name = PXSourceList.m; path = Classes/PXSourceList.m; sourceTree = "<group>"; };
		D2EA6EFF10D925AA00402758 /* PXSourceListDataSource.h */ = {isa = PBXFileReference; fileEncoding = 4; lastKnownFileType = sourcecode.c.h; name = PXSourceListDataSource.h; path = Classes/PXSourceListDataSource.h; sourceTree = "<group>"; };
		D2EA6F0010D925AA00402758 /* PXSourceListDelegate.h */ = {isa = PBXFileReference; fileEncoding = 4; lastKnownFileType = sourcecode.c.h; name = PXSourceListDelegate.h; path = Classes/PXSourceListDelegate.h; sourceTree = "<group>"; };
/* End PBXFileReference section */

/* Begin PBXFrameworksBuildPhase section */
		4CC5EA2812DC81ED001F282E /* Frameworks */ = {
			isa = PBXFrameworksBuildPhase;
			buildActionMask = 2147483647;
			files = (
			);
			runOnlyForDeploymentPostprocessing = 0;
		};
		8D11072E0486CEB800E47090 /* Frameworks */ = {
			isa = PBXFrameworksBuildPhase;
			buildActionMask = 2147483647;
			files = (
				8D11072F0486CEB800E47090 /* Cocoa.framework in Frameworks */,
				4CC5EA2D12DC8205001F282E /* PXSourceList.framework in Frameworks */,
			);
			runOnlyForDeploymentPostprocessing = 0;
		};
/* End PBXFrameworksBuildPhase section */

/* Begin PBXGroup section */
		080E96DDFE201D6D7F000001 /* Classes */ = {
			isa = PBXGroup;
			children = (
				D205EDF510F7A693004C6545 /* AppDelegate.h */,
				D205EDF610F7A693004C6545 /* AppDelegate.m */,
				D205EE7D10F7B5AB004C6545 /* SourceListItem.h */,
				D2456D8B10F90D3B00B8045C /* SourceListItem.m */,
				D2EA702910D92EB300402758 /* PXSourceList */,
			);
			name = Classes;
			sourceTree = "<group>";
		};
		1058C7A0FEA54F0111CA2CBB /* Linked Frameworks */ = {
			isa = PBXGroup;
			children = (
				1058C7A1FEA54F0111CA2CBB /* Cocoa.framework */,
			);
			name = "Linked Frameworks";
			sourceTree = "<group>";
		};
		1058C7A2FEA54F0111CA2CBB /* Other Frameworks */ = {
			isa = PBXGroup;
			children = (
				29B97324FDCFA39411CA2CEA /* AppKit.framework */,
				13E42FB307B3F0F600E4EEF1 /* CoreData.framework */,
				29B97325FDCFA39411CA2CEA /* Foundation.framework */,
			);
			name = "Other Frameworks";
			sourceTree = "<group>";
		};
		19C28FACFE9D520D11CA2CBB /* Products */ = {
			isa = PBXGroup;
			children = (
				8D1107320486CEB800E47090 /* PXSourceList.app */,
				4CC5EA2A12DC81ED001F282E /* PXSourceList.framework */,
			);
			name = Products;
			sourceTree = "<group>";
		};
		29B97314FDCFA39411CA2CEA /* PXSourceList */ = {
			isa = PBXGroup;
			children = (
				D265C2D610E3814B00A1E824 /* TODO.rtf */,
				D205EDDD10F7A1EE004C6545 /* README.markdown */,
				080E96DDFE201D6D7F000001 /* Classes */,
				29B97315FDCFA39411CA2CEA /* Other Sources */,
				29B97317FDCFA39411CA2CEA /* Resources */,
				29B97323FDCFA39411CA2CEA /* Frameworks */,
				19C28FACFE9D520D11CA2CBB /* Products */,
			);
			name = PXSourceList;
			sourceTree = "<group>";
		};
		29B97315FDCFA39411CA2CEA /* Other Sources */ = {
			isa = PBXGroup;
			children = (
				256AC3F00F4B6AF500CF3369 /* PXSourceList_Prefix.pch */,
				29B97316FDCFA39411CA2CEA /* main.m */,
			);
			name = "Other Sources";
			sourceTree = "<group>";
		};
		29B97317FDCFA39411CA2CEA /* Resources */ = {
			isa = PBXGroup;
			children = (
				D27B7D2710E0C925004D7DBC /* Icons */,
				8D1107310486CEB800E47090 /* PXSourceList-Info.plist */,
				089C165CFE840E0CC02AAC07 /* InfoPlist.strings */,
				D205EDEF10F7A609004C6545 /* MainMenu.xib */,
			);
			name = Resources;
			sourceTree = "<group>";
		};
		29B97323FDCFA39411CA2CEA /* Frameworks */ = {
			isa = PBXGroup;
			children = (
				1058C7A0FEA54F0111CA2CBB /* Linked Frameworks */,
				1058C7A2FEA54F0111CA2CBB /* Other Frameworks */,
			);
			name = Frameworks;
			sourceTree = "<group>";
		};
		D27B7D2710E0C925004D7DBC /* Icons */ = {
			isa = PBXGroup;
			children = (
				D2456CA410F8F7F500B8045C /* audiobooks.png */,
				D2456CA510F8F7F500B8045C /* movies.png */,
				D2456CA610F8F7F500B8045C /* music.png */,
				D2456CA710F8F7F500B8045C /* playlist.png */,
				D2456CA810F8F7F500B8045C /* playlistFolder.png */,
				D2456CA910F8F7F500B8045C /* podcasts.png */,
			);
			name = Icons;
			sourceTree = "<group>";
		};
		D2EA702910D92EB300402758 /* PXSourceList */ = {
			isa = PBXGroup;
			children = (
				D2EA6EC010D9205A00402758 /* PXSourceList.h */,
				D2EA6EC110D9205A00402758 /* PXSourceList.m */,
				D2EA6EFF10D925AA00402758 /* PXSourceListDataSource.h */,
				D2EA6F0010D925AA00402758 /* PXSourceListDelegate.h */,
			);
			name = PXSourceList;
			sourceTree = "<group>";
		};
/* End PBXGroup section */

/* Begin PBXHeadersBuildPhase section */
		4CC5EA2512DC81ED001F282E /* Headers */ = {
			isa = PBXHeadersBuildPhase;
			buildActionMask = 2147483647;
			files = (
				4CC5EA4C12DC8339001F282E /* PXSourceList.h in Headers */,
				4CC5EA4D12DC8339001F282E /* PXSourceListDataSource.h in Headers */,
				4CC5EA4E12DC8339001F282E /* PXSourceListDelegate.h in Headers */,
			);
			runOnlyForDeploymentPostprocessing = 0;
		};
/* End PBXHeadersBuildPhase section */

/* Begin PBXNativeTarget section */
		4CC5EA2912DC81ED001F282E /* PXSourceList */ = {
			isa = PBXNativeTarget;
			buildConfigurationList = 4CC5EA4B12DC8264001F282E /* Build configuration list for PBXNativeTarget "PXSourceList" */;
			buildPhases = (
				4CC5EA2512DC81ED001F282E /* Headers */,
				4CC5EA2612DC81ED001F282E /* Resources */,
				4CC5EA2712DC81ED001F282E /* Sources */,
				4CC5EA2812DC81ED001F282E /* Frameworks */,
			);
			buildRules = (
			);
			dependencies = (
			);
			name = PXSourceList;
			productName = PXSourceList;
			productReference = 4CC5EA2A12DC81ED001F282E /* PXSourceList.framework */;
			productType = "com.apple.product-type.framework";
		};
		8D1107260486CEB800E47090 /* PXSourceListDemo */ = {
			isa = PBXNativeTarget;
			buildConfigurationList = C01FCF4A08A954540054247B /* Build configuration list for PBXNativeTarget "PXSourceListDemo" */;
			buildPhases = (
				8D11072C0486CEB800E47090 /* Sources */,
				8D1107290486CEB800E47090 /* Resources */,
				8D11072E0486CEB800E47090 /* Frameworks */,
			);
			buildRules = (
			);
			dependencies = (
				4CC5EA3012DC8209001F282E /* PBXTargetDependency */,
			);
			name = PXSourceListDemo;
			productInstallPath = "$(HOME)/Applications";
			productName = PXSourceList;
			productReference = 8D1107320486CEB800E47090 /* PXSourceList.app */;
			productType = "com.apple.product-type.application";
		};
/* End PBXNativeTarget section */

/* Begin PBXProject section */
		29B97313FDCFA39411CA2CEA /* Project object */ = {
			isa = PBXProject;
			buildConfigurationList = C01FCF4E08A954540054247B /* Build configuration list for PBXProject "PXSourceList" */;
			compatibilityVersion = "Xcode 3.1";
			hasScannedForEncodings = 1;
			knownRegions = (
				English,
				Japanese,
				French,
				German,
			);
			mainGroup = 29B97314FDCFA39411CA2CEA /* PXSourceList */;
			projectDirPath = "";
			projectRoot = "";
			targets = (
				8D1107260486CEB800E47090 /* PXSourceListDemo */,
				4CC5EA2912DC81ED001F282E /* PXSourceList */,
			);
		};
/* End PBXProject section */

/* Begin PBXResourcesBuildPhase section */
		4CC5EA2612DC81ED001F282E /* Resources */ = {
			isa = PBXResourcesBuildPhase;
			buildActionMask = 2147483647;
			files = (
			);
			runOnlyForDeploymentPostprocessing = 0;
		};
		8D1107290486CEB800E47090 /* Resources */ = {
			isa = PBXResourcesBuildPhase;
			buildActionMask = 2147483647;
			files = (
				8D11072B0486CEB800E47090 /* InfoPlist.strings in Resources */,
				D265C2D710E3814B00A1E824 /* TODO.rtf in Resources */,
				D205EDF010F7A609004C6545 /* MainMenu.xib in Resources */,
				D2456CAA10F8F7F500B8045C /* audiobooks.png in Resources */,
				D2456CAB10F8F7F500B8045C /* movies.png in Resources */,
				D2456CAC10F8F7F500B8045C /* music.png in Resources */,
				D2456CAD10F8F7F500B8045C /* playlist.png in Resources */,
				D2456CAE10F8F7F500B8045C /* playlistFolder.png in Resources */,
				D2456CAF10F8F7F500B8045C /* podcasts.png in Resources */,
			);
			runOnlyForDeploymentPostprocessing = 0;
		};
/* End PBXResourcesBuildPhase section */

/* Begin PBXSourcesBuildPhase section */
		4CC5EA2712DC81ED001F282E /* Sources */ = {
			isa = PBXSourcesBuildPhase;
			buildActionMask = 2147483647;
			files = (
				4CC5EA3212DC8224001F282E /* PXSourceList.m in Sources */,
			);
			runOnlyForDeploymentPostprocessing = 0;
		};
		8D11072C0486CEB800E47090 /* Sources */ = {
			isa = PBXSourcesBuildPhase;
			buildActionMask = 2147483647;
			files = (
				8D11072D0486CEB800E47090 /* main.m in Sources */,
				D205EDF710F7A693004C6545 /* AppDelegate.m in Sources */,
				D2456D8C10F90D3B00B8045C /* SourceListItem.m in Sources */,
			);
			runOnlyForDeploymentPostprocessing = 0;
		};
/* End PBXSourcesBuildPhase section */

/* Begin PBXTargetDependency section */
		4CC5EA3012DC8209001F282E /* PBXTargetDependency */ = {
			isa = PBXTargetDependency;
			target = 4CC5EA2912DC81ED001F282E /* PXSourceList */;
			targetProxy = 4CC5EA2F12DC8209001F282E /* PBXContainerItemProxy */;
		};
/* End PBXTargetDependency section */

/* Begin PBXVariantGroup section */
		089C165CFE840E0CC02AAC07 /* InfoPlist.strings */ = {
			isa = PBXVariantGroup;
			children = (
				089C165DFE840E0CC02AAC07 /* InfoPlist.strings */,
			);
			name = InfoPlist.strings;
			sourceTree = "<group>";
		};
/* End PBXVariantGroup section */

/* Begin XCBuildConfiguration section */
		4CC5EA2B12DC81ED001F282E /* Debug */ = {
			isa = XCBuildConfiguration;
			buildSettings = {
				ALWAYS_SEARCH_USER_PATHS = NO;
				COPY_PHASE_STRIP = NO;
				DYLIB_COMPATIBILITY_VERSION = 1;
				DYLIB_CURRENT_VERSION = 1;
				FRAMEWORK_VERSION = A;
				GCC_DYNAMIC_NO_PIC = NO;
				GCC_ENABLE_FIX_AND_CONTINUE = YES;
				GCC_ENABLE_OBJC_GC = supported;
				GCC_MODEL_TUNING = G5;
				GCC_OPTIMIZATION_LEVEL = 0;
				GCC_PRECOMPILE_PREFIX_HEADER = YES;
				GCC_PREFIX_HEADER = "$(SYSTEM_LIBRARY_DIR)/Frameworks/AppKit.framework/Headers/AppKit.h";
				INFOPLIST_FILE = "PXSourceList-Info.plist";
				INSTALL_PATH = "@executable_path/../Frameworks";
				OTHER_LDFLAGS = (
					"-framework",
					Foundation,
					"-framework",
					AppKit,
				);
				PREBINDING = NO;
				PRODUCT_NAME = PXSourceList;
			};
			name = Debug;
		};
		4CC5EA2C12DC81ED001F282E /* Release */ = {
			isa = XCBuildConfiguration;
			buildSettings = {
				ALWAYS_SEARCH_USER_PATHS = NO;
				COPY_PHASE_STRIP = YES;
				DEBUG_INFORMATION_FORMAT = "dwarf-with-dsym";
				DYLIB_COMPATIBILITY_VERSION = 1;
				DYLIB_CURRENT_VERSION = 1;
				FRAMEWORK_VERSION = A;
				GCC_ENABLE_FIX_AND_CONTINUE = NO;
				GCC_ENABLE_OBJC_GC = supported;
				GCC_MODEL_TUNING = G5;
				GCC_PRECOMPILE_PREFIX_HEADER = YES;
				GCC_PREFIX_HEADER = "$(SYSTEM_LIBRARY_DIR)/Frameworks/AppKit.framework/Headers/AppKit.h";
				INFOPLIST_FILE = "PXSourceList-Info.plist";
				INSTALL_PATH = "@executable_path/../Frameworks";
				OTHER_LDFLAGS = (
					"-framework",
					Foundation,
					"-framework",
					AppKit,
				);
				PREBINDING = NO;
				PRODUCT_NAME = PXSourceList;
				SDKROOT = macosx10.5;
				ZERO_LINK = NO;
			};
			name = Release;
		};
		C01FCF4B08A954540054247B /* Debug */ = {
			isa = XCBuildConfiguration;
			buildSettings = {
				ALWAYS_SEARCH_USER_PATHS = NO;
				COPY_PHASE_STRIP = NO;
				FRAMEWORK_SEARCH_PATHS = (
					"$(inherited)",
					"\"$(SRCROOT)/build/Debug\"",
				);
				GCC_DYNAMIC_NO_PIC = NO;
				GCC_ENABLE_FIX_AND_CONTINUE = YES;
				GCC_MODEL_TUNING = G5;
				GCC_OPTIMIZATION_LEVEL = 0;
				GCC_PRECOMPILE_PREFIX_HEADER = YES;
				GCC_PREFIX_HEADER = PXSourceList_Prefix.pch;
				INFOPLIST_FILE = "PXSourceList-Info.plist";
				INSTALL_PATH = "$(HOME)/Applications";
				PRODUCT_NAME = PXSourceList;
			};
			name = Debug;
		};
		C01FCF4C08A954540054247B /* Release */ = {
			isa = XCBuildConfiguration;
			buildSettings = {
				ALWAYS_SEARCH_USER_PATHS = NO;
				DEBUG_INFORMATION_FORMAT = "dwarf-with-dsym";
				FRAMEWORK_SEARCH_PATHS = (
					"$(inherited)",
					"\"$(SRCROOT)/build/Debug\"",
				);
				GCC_MODEL_TUNING = G5;
				GCC_PRECOMPILE_PREFIX_HEADER = YES;
				GCC_PREFIX_HEADER = PXSourceList_Prefix.pch;
				INFOPLIST_FILE = "PXSourceList-Info.plist";
				INSTALL_PATH = "$(HOME)/Applications";
				PRODUCT_NAME = PXSourceList;
				SDKROOT = macosx10.5;
			};
			name = Release;
		};
		C01FCF4F08A954540054247B /* Debug */ = {
			isa = XCBuildConfiguration;
			buildSettings = {
				ARCHS = "$(NATIVE_ARCH_ACTUAL)";
				GCC_C_LANGUAGE_STANDARD = gnu99;
				GCC_OPTIMIZATION_LEVEL = 0;
				GCC_WARN_ABOUT_RETURN_TYPE = YES;
				GCC_WARN_UNUSED_VARIABLE = YES;
				ONLY_ACTIVE_ARCH = YES;
				PREBINDING = NO;
				SDKROOT = macosx;
				VALID_ARCHS = "i386 x86_64";
			};
			name = Debug;
		};
		C01FCF5008A954540054247B /* Release */ = {
			isa = XCBuildConfiguration;
			buildSettings = {
				ARCHS = "$(NATIVE_ARCH_ACTUAL)";
				GCC_C_LANGUAGE_STANDARD = gnu99;
				GCC_WARN_ABOUT_RETURN_TYPE = YES;
				GCC_WARN_UNUSED_VARIABLE = YES;
				PREBINDING = NO;
				SDKROOT = macosx;
				VALID_ARCHS = "i386 x86_64";
			};
			name = Release;
		};
/* End XCBuildConfiguration section */

/* Begin XCConfigurationList section */
		4CC5EA4B12DC8264001F282E /* Build configuration list for PBXNativeTarget "PXSourceList" */ = {
			isa = XCConfigurationList;
			buildConfigurations = (
				4CC5EA2B12DC81ED001F282E /* Debug */,
				4CC5EA2C12DC81ED001F282E /* Release */,
			);
			defaultConfigurationIsVisible = 0;
			defaultConfigurationName = Release;
		};
		C01FCF4A08A954540054247B /* Build configuration list for PBXNativeTarget "PXSourceListDemo" */ = {
			isa = XCConfigurationList;
			buildConfigurations = (
				C01FCF4B08A954540054247B /* Debug */,
				C01FCF4C08A954540054247B /* Release */,
			);
			defaultConfigurationIsVisible = 0;
			defaultConfigurationName = Release;
		};
		C01FCF4E08A954540054247B /* Build configuration list for PBXProject "PXSourceList" */ = {
			isa = XCConfigurationList;
			buildConfigurations = (
				C01FCF4F08A954540054247B /* Debug */,
				C01FCF5008A954540054247B /* Release */,
			);
			defaultConfigurationIsVisible = 0;
			defaultConfigurationName = Release;
		};
/* End XCConfigurationList section */
	};
	rootObject = 29B97313FDCFA39411CA2CEA /* Project object */;
}
