// !$*UTF8*$!
{
	archiveVersion = 1;
	classes = {
	};
	objectVersion = 46;
	objects = {

/* Begin PBXBuildFile section */
		8D11072F0486CEB800E47090 /* Cocoa.framework in Frameworks */ = {isa = PBXBuildFile; fileRef = 1058C7A1FEA54F0111CA2CBB /* Cocoa.framework */; };
		D213027C14B9AFE200AAFF85 /* PXSourceList.h in Headers */ = {isa = PBXBuildFile; fileRef = D213027814B9AFE200AAFF85 /* PXSourceList.h */; settings = {ATTRIBUTES = (Public, ); }; };
		D213027D14B9AFE200AAFF85 /* PXSourceList.m in Sources */ = {isa = PBXBuildFile; fileRef = D213027914B9AFE200AAFF85 /* PXSourceList.m */; };
		D213027E14B9AFE200AAFF85 /* PXSourceList.m in Sources */ = {isa = PBXBuildFile; fileRef = D213027914B9AFE200AAFF85 /* PXSourceList.m */; };
		D213027F14B9AFE200AAFF85 /* PXSourceListDataSource.h in Headers */ = {isa = PBXBuildFile; fileRef = D213027A14B9AFE200AAFF85 /* PXSourceListDataSource.h */; settings = {ATTRIBUTES = (Public, ); }; };
		D213028014B9AFE200AAFF85 /* PXSourceListDelegate.h in Headers */ = {isa = PBXBuildFile; fileRef = D213027B14B9AFE200AAFF85 /* PXSourceListDelegate.h */; settings = {ATTRIBUTES = (Public, ); }; };
		D213028B14B9B01F00AAFF85 /* AppDelegate.m in Sources */ = {isa = PBXBuildFile; fileRef = D213028814B9B01F00AAFF85 /* AppDelegate.m */; };
		D213028C14B9B01F00AAFF85 /* SourceListItem.m in Sources */ = {isa = PBXBuildFile; fileRef = D213028A14B9B01F00AAFF85 /* SourceListItem.m */; };
		D213028E14B9B02A00AAFF85 /* main.m in Sources */ = {isa = PBXBuildFile; fileRef = D213028D14B9B02A00AAFF85 /* main.m */; };
		D21302BE14B9B24C00AAFF85 /* MainMenu.xib in Resources */ = {isa = PBXBuildFile; fileRef = D21302BD14B9B24C00AAFF85 /* MainMenu.xib */; };
		D21302C514B9B25700AAFF85 /* audiobooks.png in Resources */ = {isa = PBXBuildFile; fileRef = D21302BF14B9B25700AAFF85 /* audiobooks.png */; };
		D21302C614B9B25700AAFF85 /* movies.png in Resources */ = {isa = PBXBuildFile; fileRef = D21302C014B9B25700AAFF85 /* movies.png */; };
		D21302C714B9B25700AAFF85 /* music.png in Resources */ = {isa = PBXBuildFile; fileRef = D21302C114B9B25700AAFF85 /* music.png */; };
		D21302C814B9B25700AAFF85 /* playlist.png in Resources */ = {isa = PBXBuildFile; fileRef = D21302C214B9B25700AAFF85 /* playlist.png */; };
		D21302C914B9B25700AAFF85 /* playlistFolder.png in Resources */ = {isa = PBXBuildFile; fileRef = D21302C314B9B25700AAFF85 /* playlistFolder.png */; };
		D21302CA14B9B25700AAFF85 /* podcasts.png in Resources */ = {isa = PBXBuildFile; fileRef = D21302C414B9B25700AAFF85 /* podcasts.png */; };
/* End PBXBuildFile section */

/* Begin PBXContainerItemProxy section */
		4CC5EA2F12DC8209001F282E /* PBXContainerItemProxy */ = {
			isa = PBXContainerItemProxy;
			containerPortal = 29B97313FDCFA39411CA2CEA /* Project object */;
			proxyType = 1;
			remoteGlobalIDString = 4CC5EA2912DC81ED001F282E;
			remoteInfo = PXSourceList;
		};
/* End PBXContainerItemProxy section */

/* Begin PBXFileReference section */
		1058C7A1FEA54F0111CA2CBB /* Cocoa.framework */ = {isa = PBXFileReference; lastKnownFileType = wrapper.framework; name = Cocoa.framework; path = /System/Library/Frameworks/Cocoa.framework; sourceTree = "<absolute>"; };
		13E42FB307B3F0F600E4EEF1 /* CoreData.framework */ = {isa = PBXFileReference; lastKnownFileType = wrapper.framework; name = CoreData.framework; path = /System/Library/Frameworks/CoreData.framework; sourceTree = "<absolute>"; };
		29B97324FDCFA39411CA2CEA /* AppKit.framework */ = {isa = PBXFileReference; lastKnownFileType = wrapper.framework; name = AppKit.framework; path = /System/Library/Frameworks/AppKit.framework; sourceTree = "<absolute>"; };
		29B97325FDCFA39411CA2CEA /* Foundation.framework */ = {isa = PBXFileReference; lastKnownFileType = wrapper.framework; name = Foundation.framework; path = /System/Library/Frameworks/Foundation.framework; sourceTree = "<absolute>"; };
		4CC5EA2A12DC81ED001F282E /* PXSourceList.framework */ = {isa = PBXFileReference; explicitFileType = wrapper.framework; includeInIndex = 0; path = PXSourceList.framework; sourceTree = BUILT_PRODUCTS_DIR; };
		8D1107320486CEB800E47090 /* PXSourceList.app */ = {isa = PBXFileReference; explicitFileType = wrapper.application; includeInIndex = 0; path = PXSourceList.app; sourceTree = BUILT_PRODUCTS_DIR; };
		D205EDDD10F7A1EE004C6545 /* README.markdown */ = {isa = PBXFileReference; fileEncoding = 4; lastKnownFileType = text; path = README.markdown; sourceTree = "<group>"; };
		D213027814B9AFE200AAFF85 /* PXSourceList.h */ = {isa = PBXFileReference; fileEncoding = 4; lastKnownFileType = sourcecode.c.h; name = PXSourceList.h; path = PXSourceList/PXSourceList.h; sourceTree = "<group>"; };
		D213027914B9AFE200AAFF85 /* PXSourceList.m */ = {isa = PBXFileReference; fileEncoding = 4; lastKnownFileType = sourcecode.c.objc; name = PXSourceList.m; path = PXSourceList/PXSourceList.m; sourceTree = "<group>"; };
		D213027A14B9AFE200AAFF85 /* PXSourceListDataSource.h */ = {isa = PBXFileReference; fileEncoding = 4; lastKnownFileType = sourcecode.c.h; name = PXSourceListDataSource.h; path = PXSourceList/PXSourceListDataSource.h; sourceTree = "<group>"; };
		D213027B14B9AFE200AAFF85 /* PXSourceListDelegate.h */ = {isa = PBXFileReference; fileEncoding = 4; lastKnownFileType = sourcecode.c.h; name = PXSourceListDelegate.h; path = PXSourceList/PXSourceListDelegate.h; sourceTree = "<group>"; };
		D213028714B9B01F00AAFF85 /* AppDelegate.h */ = {isa = PBXFileReference; fileEncoding = 4; lastKnownFileType = sourcecode.c.h; name = AppDelegate.h; path = "Demo Project/AppDelegate.h"; sourceTree = "<group>"; };
		D213028814B9B01F00AAFF85 /* AppDelegate.m */ = {isa = PBXFileReference; fileEncoding = 4; lastKnownFileType = sourcecode.c.objc; name = AppDelegate.m; path = "Demo Project/AppDelegate.m"; sourceTree = "<group>"; };
		D213028914B9B01F00AAFF85 /* SourceListItem.h */ = {isa = PBXFileReference; fileEncoding = 4; lastKnownFileType = sourcecode.c.h; name = SourceListItem.h; path = "Demo Project/SourceListItem.h"; sourceTree = "<group>"; };
		D213028A14B9B01F00AAFF85 /* SourceListItem.m */ = {isa = PBXFileReference; fileEncoding = 4; lastKnownFileType = sourcecode.c.objc; name = SourceListItem.m; path = "Demo Project/SourceListItem.m"; sourceTree = "<group>"; };
		D213028D14B9B02A00AAFF85 /* main.m */ = {isa = PBXFileReference; fileEncoding = 4; lastKnownFileType = sourcecode.c.objc; name = main.m; path = "Demo Project/main.m"; sourceTree = "<group>"; };
		D21302B614B9B16400AAFF85 /* PXSourceListDemo-Info.plist */ = {isa = PBXFileReference; fileEncoding = 4; lastKnownFileType = text.plist.xml; name = "PXSourceListDemo-Info.plist"; path = "Demo Project/PXSourceListDemo-Info.plist"; sourceTree = "<group>"; };
		D21302B814B9B17200AAFF85 /* PXSourceList-Info.plist */ = {isa = PBXFileReference; lastKnownFileType = text.plist.xml; name = "PXSourceList-Info.plist"; path = "PXSourceList/PXSourceList-Info.plist"; sourceTree = "<group>"; };
		D21302BC14B9B23700AAFF85 /* English */ = {isa = PBXFileReference; lastKnownFileType = text.plist.strings; name = English; path = "Demo Project/English.lproj/InfoPlist.strings"; sourceTree = "<group>"; };
		D21302BD14B9B24C00AAFF85 /* MainMenu.xib */ = {isa = PBXFileReference; fileEncoding = 4; lastKnownFileType = file.xib; name = MainMenu.xib; path = "Demo Project/MainMenu.xib"; sourceTree = "<group>"; };
		D21302BF14B9B25700AAFF85 /* audiobooks.png */ = {isa = PBXFileReference; lastKnownFileType = image.png; name = audiobooks.png; path = "Demo Project/Images/audiobooks.png"; sourceTree = "<group>"; };
		D21302C014B9B25700AAFF85 /* movies.png */ = {isa = PBXFileReference; lastKnownFileType = image.png; name = movies.png; path = "Demo Project/Images/movies.png"; sourceTree = "<group>"; };
		D21302C114B9B25700AAFF85 /* music.png */ = {isa = PBXFileReference; lastKnownFileType = image.png; name = music.png; path = "Demo Project/Images/music.png"; sourceTree = "<group>"; };
		D21302C214B9B25700AAFF85 /* playlist.png */ = {isa = PBXFileReference; lastKnownFileType = image.png; name = playlist.png; path = "Demo Project/Images/playlist.png"; sourceTree = "<group>"; };
		D21302C314B9B25700AAFF85 /* playlistFolder.png */ = {isa = PBXFileReference; lastKnownFileType = image.png; name = playlistFolder.png; path = "Demo Project/Images/playlistFolder.png"; sourceTree = "<group>"; };
		D21302C414B9B25700AAFF85 /* podcasts.png */ = {isa = PBXFileReference; lastKnownFileType = image.png; name = podcasts.png; path = "Demo Project/Images/podcasts.png"; sourceTree = "<group>"; };
		D21302CB14B9B2FC00AAFF85 /* PXSourceListDemo_Prefix.pch */ = {isa = PBXFileReference; lastKnownFileType = sourcecode.c.h; name = PXSourceListDemo_Prefix.pch; path = "Demo Project/PXSourceListDemo_Prefix.pch"; sourceTree = "<group>"; };
		D265C2D610E3814B00A1E824 /* TODO.rtf */ = {isa = PBXFileReference; lastKnownFileType = text.rtf; path = TODO.rtf; sourceTree = "<group>"; };
/* End PBXFileReference section */

/* Begin PBXFrameworksBuildPhase section */
		4CC5EA2812DC81ED001F282E /* Frameworks */ = {
			isa = PBXFrameworksBuildPhase;
			buildActionMask = 2147483647;
			files = (
			);
			runOnlyForDeploymentPostprocessing = 0;
		};
		8D11072E0486CEB800E47090 /* Frameworks */ = {
			isa = PBXFrameworksBuildPhase;
			buildActionMask = 2147483647;
			files = (
				8D11072F0486CEB800E47090 /* Cocoa.framework in Frameworks */,
			);
			runOnlyForDeploymentPostprocessing = 0;
		};
/* End PBXFrameworksBuildPhase section */

/* Begin PBXGroup section */
		080E96DDFE201D6D7F000001 /* PXSourceList */ = {
			isa = PBXGroup;
			children = (
				D213027814B9AFE200AAFF85 /* PXSourceList.h */,
				D213027914B9AFE200AAFF85 /* PXSourceList.m */,
				D213027A14B9AFE200AAFF85 /* PXSourceListDataSource.h */,
				D213027B14B9AFE200AAFF85 /* PXSourceListDelegate.h */,
				D21302BA14B9B1DC00AAFF85 /* Supporting Files */,
			);
			name = PXSourceList;
			sourceTree = "<group>";
		};
		1058C7A0FEA54F0111CA2CBB /* Linked Frameworks */ = {
			isa = PBXGroup;
			children = (
				1058C7A1FEA54F0111CA2CBB /* Cocoa.framework */,
			);
			name = "Linked Frameworks";
			sourceTree = "<group>";
		};
		1058C7A2FEA54F0111CA2CBB /* Other Frameworks */ = {
			isa = PBXGroup;
			children = (
				29B97324FDCFA39411CA2CEA /* AppKit.framework */,
				13E42FB307B3F0F600E4EEF1 /* CoreData.framework */,
				29B97325FDCFA39411CA2CEA /* Foundation.framework */,
			);
			name = "Other Frameworks";
			sourceTree = "<group>";
		};
		19C28FACFE9D520D11CA2CBB /* Products */ = {
			isa = PBXGroup;
			children = (
				8D1107320486CEB800E47090 /* PXSourceList.app */,
				4CC5EA2A12DC81ED001F282E /* PXSourceList.framework */,
			);
			name = Products;
			sourceTree = "<group>";
		};
		29B97314FDCFA39411CA2CEA /* PXSourceList */ = {
			isa = PBXGroup;
			children = (
				D265C2D610E3814B00A1E824 /* TODO.rtf */,
				D205EDDD10F7A1EE004C6545 /* README.markdown */,
				080E96DDFE201D6D7F000001 /* PXSourceList */,
				D213027714B9AFCA00AAFF85 /* Demo Project */,
				29B97323FDCFA39411CA2CEA /* Frameworks */,
				19C28FACFE9D520D11CA2CBB /* Products */,
			);
			name = PXSourceList;
			sourceTree = "<group>";
		};
		29B97315FDCFA39411CA2CEA /* Supporting Files */ = {
			isa = PBXGroup;
			children = (
				D21302CB14B9B2FC00AAFF85 /* PXSourceListDemo_Prefix.pch */,
				D21302B614B9B16400AAFF85 /* PXSourceListDemo-Info.plist */,
				D21302BB14B9B23700AAFF85 /* InfoPlist.strings */,
				D213028D14B9B02A00AAFF85 /* main.m */,
			);
			name = "Supporting Files";
			sourceTree = "<group>";
		};
		29B97317FDCFA39411CA2CEA /* Resources */ = {
			isa = PBXGroup;
			children = (
				D21302BD14B9B24C00AAFF85 /* MainMenu.xib */,
				D27B7D2710E0C925004D7DBC /* Icons */,
			);
			name = Resources;
			sourceTree = "<group>";
		};
		29B97323FDCFA39411CA2CEA /* Frameworks */ = {
			isa = PBXGroup;
			children = (
				1058C7A0FEA54F0111CA2CBB /* Linked Frameworks */,
				1058C7A2FEA54F0111CA2CBB /* Other Frameworks */,
			);
			name = Frameworks;
			sourceTree = "<group>";
		};
		D213027714B9AFCA00AAFF85 /* Demo Project */ = {
			isa = PBXGroup;
			children = (
				D213028714B9B01F00AAFF85 /* AppDelegate.h */,
				D213028814B9B01F00AAFF85 /* AppDelegate.m */,
				D213028914B9B01F00AAFF85 /* SourceListItem.h */,
				D213028A14B9B01F00AAFF85 /* SourceListItem.m */,
				29B97317FDCFA39411CA2CEA /* Resources */,
				29B97315FDCFA39411CA2CEA /* Supporting Files */,
			);
			name = "Demo Project";
			sourceTree = "<group>";
		};
		D21302BA14B9B1DC00AAFF85 /* Supporting Files */ = {
			isa = PBXGroup;
			children = (
				D21302B814B9B17200AAFF85 /* PXSourceList-Info.plist */,
			);
			name = "Supporting Files";
			sourceTree = "<group>";
		};
		D27B7D2710E0C925004D7DBC /* Icons */ = {
			isa = PBXGroup;
			children = (
				D21302BF14B9B25700AAFF85 /* audiobooks.png */,
				D21302C014B9B25700AAFF85 /* movies.png */,
				D21302C114B9B25700AAFF85 /* music.png */,
				D21302C214B9B25700AAFF85 /* playlist.png */,
				D21302C314B9B25700AAFF85 /* playlistFolder.png */,
				D21302C414B9B25700AAFF85 /* podcasts.png */,
			);
			name = Icons;
			sourceTree = "<group>";
		};
/* End PBXGroup section */

/* Begin PBXHeadersBuildPhase section */
		4CC5EA2512DC81ED001F282E /* Headers */ = {
			isa = PBXHeadersBuildPhase;
			buildActionMask = 2147483647;
			files = (
				D213027C14B9AFE200AAFF85 /* PXSourceList.h in Headers */,
				D213027F14B9AFE200AAFF85 /* PXSourceListDataSource.h in Headers */,
				D213028014B9AFE200AAFF85 /* PXSourceListDelegate.h in Headers */,
			);
			runOnlyForDeploymentPostprocessing = 0;
		};
/* End PBXHeadersBuildPhase section */

/* Begin PBXNativeTarget section */
		4CC5EA2912DC81ED001F282E /* PXSourceList */ = {
			isa = PBXNativeTarget;
			buildConfigurationList = 4CC5EA4B12DC8264001F282E /* Build configuration list for PBXNativeTarget "PXSourceList" */;
			buildPhases = (
				4CC5EA2512DC81ED001F282E /* Headers */,
				4CC5EA2612DC81ED001F282E /* Resources */,
				4CC5EA2712DC81ED001F282E /* Sources */,
				4CC5EA2812DC81ED001F282E /* Frameworks */,
			);
			buildRules = (
			);
			dependencies = (
			);
			name = PXSourceList;
			productName = PXSourceList;
			productReference = 4CC5EA2A12DC81ED001F282E /* PXSourceList.framework */;
			productType = "com.apple.product-type.framework";
		};
		8D1107260486CEB800E47090 /* PXSourceListDemo */ = {
			isa = PBXNativeTarget;
			buildConfigurationList = C01FCF4A08A954540054247B /* Build configuration list for PBXNativeTarget "PXSourceListDemo" */;
			buildPhases = (
				8D11072C0486CEB800E47090 /* Sources */,
				8D1107290486CEB800E47090 /* Resources */,
				8D11072E0486CEB800E47090 /* Frameworks */,
			);
			buildRules = (
			);
			dependencies = (
				4CC5EA3012DC8209001F282E /* PBXTargetDependency */,
			);
			name = PXSourceListDemo;
			productInstallPath = "$(HOME)/Applications";
			productName = PXSourceList;
			productReference = 8D1107320486CEB800E47090 /* PXSourceList.app */;
			productType = "com.apple.product-type.application";
		};
/* End PBXNativeTarget section */

/* Begin PBXProject section */
		29B97313FDCFA39411CA2CEA /* Project object */ = {
			isa = PBXProject;
			attributes = {
				LastUpgradeCheck = 0450;
			};
			buildConfigurationList = C01FCF4E08A954540054247B /* Build configuration list for PBXProject "PXSourceList" */;
			compatibilityVersion = "Xcode 3.2";
			developmentRegion = English;
			hasScannedForEncodings = 1;
			knownRegions = (
				English,
				Japanese,
				French,
				German,
			);
			mainGroup = 29B97314FDCFA39411CA2CEA /* PXSourceList */;
			projectDirPath = "";
			projectRoot = "";
			targets = (
				8D1107260486CEB800E47090 /* PXSourceListDemo */,
				4CC5EA2912DC81ED001F282E /* PXSourceList */,
			);
		};
/* End PBXProject section */

/* Begin PBXResourcesBuildPhase section */
		4CC5EA2612DC81ED001F282E /* Resources */ = {
			isa = PBXResourcesBuildPhase;
			buildActionMask = 2147483647;
			files = (
			);
			runOnlyForDeploymentPostprocessing = 0;
		};
		8D1107290486CEB800E47090 /* Resources */ = {
			isa = PBXResourcesBuildPhase;
			buildActionMask = 2147483647;
			files = (
				D21302BE14B9B24C00AAFF85 /* MainMenu.xib in Resources */,
				D21302C514B9B25700AAFF85 /* audiobooks.png in Resources */,
				D21302C614B9B25700AAFF85 /* movies.png in Resources */,
				D21302C714B9B25700AAFF85 /* music.png in Resources */,
				D21302C814B9B25700AAFF85 /* playlist.png in Resources */,
				D21302C914B9B25700AAFF85 /* playlistFolder.png in Resources */,
				D21302CA14B9B25700AAFF85 /* podcasts.png in Resources */,
			);
			runOnlyForDeploymentPostprocessing = 0;
		};
/* End PBXResourcesBuildPhase section */

/* Begin PBXSourcesBuildPhase section */
		4CC5EA2712DC81ED001F282E /* Sources */ = {
			isa = PBXSourcesBuildPhase;
			buildActionMask = 2147483647;
			files = (
				D213027E14B9AFE200AAFF85 /* PXSourceList.m in Sources */,
			);
			runOnlyForDeploymentPostprocessing = 0;
		};
		8D11072C0486CEB800E47090 /* Sources */ = {
			isa = PBXSourcesBuildPhase;
			buildActionMask = 2147483647;
			files = (
				D213027D14B9AFE200AAFF85 /* PXSourceList.m in Sources */,
				D213028B14B9B01F00AAFF85 /* AppDelegate.m in Sources */,
				D213028C14B9B01F00AAFF85 /* SourceListItem.m in Sources */,
				D213028E14B9B02A00AAFF85 /* main.m in Sources */,
			);
			runOnlyForDeploymentPostprocessing = 0;
		};
/* End PBXSourcesBuildPhase section */

/* Begin PBXTargetDependency section */
		4CC5EA3012DC8209001F282E /* PBXTargetDependency */ = {
			isa = PBXTargetDependency;
			target = 4CC5EA2912DC81ED001F282E /* PXSourceList */;
			targetProxy = 4CC5EA2F12DC8209001F282E /* PBXContainerItemProxy */;
		};
/* End PBXTargetDependency section */

/* Begin PBXVariantGroup section */
		D21302BB14B9B23700AAFF85 /* InfoPlist.strings */ = {
			isa = PBXVariantGroup;
			children = (
				D21302BC14B9B23700AAFF85 /* English */,
			);
			name = InfoPlist.strings;
			sourceTree = "<group>";
		};
/* End PBXVariantGroup section */

/* Begin XCBuildConfiguration section */
		4CC5EA2B12DC81ED001F282E /* Debug */ = {
			isa = XCBuildConfiguration;
			buildSettings = {
				ALWAYS_SEARCH_USER_PATHS = NO;
				COMBINE_HIDPI_IMAGES = YES;
				COPY_PHASE_STRIP = NO;
				DYLIB_COMPATIBILITY_VERSION = 1;
				DYLIB_CURRENT_VERSION = 1;
				FRAMEWORK_VERSION = A;
				GCC_DYNAMIC_NO_PIC = NO;
				GCC_ENABLE_OBJC_GC = supported;
				GCC_MODEL_TUNING = G5;
				GCC_OPTIMIZATION_LEVEL = 0;
				GCC_PRECOMPILE_PREFIX_HEADER = YES;
				GCC_PREFIX_HEADER = "$(SYSTEM_LIBRARY_DIR)/Frameworks/AppKit.framework/Headers/AppKit.h";
				INFOPLIST_FILE = "PXSourceList/PXSourceList-Info.plist";
				INSTALL_PATH = "@loader_path/../Frameworks";
				MACOSX_DEPLOYMENT_TARGET = 10.7;
				OTHER_LDFLAGS = (
					"-framework",
					Foundation,
					"-framework",
					AppKit,
				);
				PRODUCT_NAME = PXSourceList;
				SDKROOT = macosx;
			};
			name = Debug;
		};
		4CC5EA2C12DC81ED001F282E /* Release */ = {
			isa = XCBuildConfiguration;
			buildSettings = {
				ALWAYS_SEARCH_USER_PATHS = NO;
				COMBINE_HIDPI_IMAGES = YES;
				COPY_PHASE_STRIP = YES;
				DEBUG_INFORMATION_FORMAT = "dwarf-with-dsym";
				DYLIB_COMPATIBILITY_VERSION = 1;
				DYLIB_CURRENT_VERSION = 1;
				FRAMEWORK_VERSION = A;
				GCC_ENABLE_OBJC_GC = supported;
				GCC_MODEL_TUNING = G5;
				GCC_PRECOMPILE_PREFIX_HEADER = YES;
				GCC_PREFIX_HEADER = "$(SYSTEM_LIBRARY_DIR)/Frameworks/AppKit.framework/Headers/AppKit.h";
				INFOPLIST_FILE = "PXSourceList/PXSourceList-Info.plist";
				INSTALL_PATH = "@loader_path/../Frameworks";
				MACOSX_DEPLOYMENT_TARGET = 10.7;
				OTHER_LDFLAGS = (
					"-framework",
					Foundation,
					"-framework",
					AppKit,
				);
				PRODUCT_NAME = PXSourceList;
				SDKROOT = macosx;
				ZERO_LINK = NO;
			};
			name = Release;
		};
		C01FCF4B08A954540054247B /* Debug */ = {
			isa = XCBuildConfiguration;
			buildSettings = {
				ALWAYS_SEARCH_USER_PATHS = NO;
				COMBINE_HIDPI_IMAGES = YES;
				COPY_PHASE_STRIP = NO;
				FRAMEWORK_SEARCH_PATHS = (
					"$(inherited)",
					"\"$(SRCROOT)/build/Debug\"",
				);
				GCC_DYNAMIC_NO_PIC = NO;
				GCC_MODEL_TUNING = G5;
				GCC_OPTIMIZATION_LEVEL = 0;
				GCC_PRECOMPILE_PREFIX_HEADER = YES;
				GCC_PREFIX_HEADER = "Demo Project/PXSourceListDemo_Prefix.pch";
				INFOPLIST_FILE = "Demo Project/PXSourceListDemo-Info.plist";
				INSTALL_PATH = "$(HOME)/Applications";
				MACOSX_DEPLOYMENT_TARGET = 10.7;
				PRODUCT_NAME = PXSourceList;
				SDKROOT = macosx;
			};
			name = Debug;
		};
		C01FCF4C08A954540054247B /* Release */ = {
			isa = XCBuildConfiguration;
			buildSettings = {
				ALWAYS_SEARCH_USER_PATHS = NO;
				COMBINE_HIDPI_IMAGES = YES;
				DEBUG_INFORMATION_FORMAT = "dwarf-with-dsym";
				FRAMEWORK_SEARCH_PATHS = (
					"$(inherited)",
					"\"$(SRCROOT)/build/Debug\"",
				);
				GCC_ENABLE_OBJC_GC = unsupported;
				GCC_MODEL_TUNING = G5;
				GCC_PRECOMPILE_PREFIX_HEADER = YES;
				GCC_PREFIX_HEADER = "Demo Project/PXSourceListDemo_Prefix.pch";
				INFOPLIST_FILE = "Demo Project/PXSourceListDemo-Info.plist";
				INSTALL_PATH = "$(HOME)/Applications";
				MACOSX_DEPLOYMENT_TARGET = 10.7;
				PRODUCT_NAME = PXSourceList;
				SDKROOT = macosx;
			};
			name = Release;
		};
		C01FCF4F08A954540054247B /* Debug */ = {
			isa = XCBuildConfiguration;
			buildSettings = {
				ARCHS = "$(NATIVE_ARCH_ACTUAL)";
				GCC_C_LANGUAGE_STANDARD = gnu99;
				GCC_OPTIMIZATION_LEVEL = 0;
				GCC_WARN_ABOUT_RETURN_TYPE = YES;
				GCC_WARN_UNUSED_VARIABLE = YES;
				ONLY_ACTIVE_ARCH = YES;
				SDKROOT = macosx;
				VALID_ARCHS = "i386 x86_64";
			};
			name = Debug;
		};
		C01FCF5008A954540054247B /* Release */ = {
			isa = XCBuildConfiguration;
			buildSettings = {
				ARCHS = "$(NATIVE_ARCH_ACTUAL)";
				GCC_C_LANGUAGE_STANDARD = gnu99;
				GCC_WARN_ABOUT_RETURN_TYPE = YES;
				GCC_WARN_UNUSED_VARIABLE = YES;
				SDKROOT = macosx;
				VALID_ARCHS = "i386 x86_64";
			};
			name = Release;
		};
/* End XCBuildConfiguration section */

/* Begin XCConfigurationList section */
		4CC5EA4B12DC8264001F282E /* Build configuration list for PBXNativeTarget "PXSourceList" */ = {
			isa = XCConfigurationList;
			buildConfigurations = (
				4CC5EA2B12DC81ED001F282E /* Debug */,
				4CC5EA2C12DC81ED001F282E /* Release */,
			);
			defaultConfigurationIsVisible = 0;
			defaultConfigurationName = Release;
		};
		C01FCF4A08A954540054247B /* Build configuration list for PBXNativeTarget "PXSourceListDemo" */ = {
			isa = XCConfigurationList;
			buildConfigurations = (
				C01FCF4B08A954540054247B /* Debug */,
				C01FCF4C08A954540054247B /* Release */,
			);
			defaultConfigurationIsVisible = 0;
			defaultConfigurationName = Release;
		};
		C01FCF4E08A954540054247B /* Build configuration list for PBXProject "PXSourceList" */ = {
			isa = XCConfigurationList;
			buildConfigurations = (
				C01FCF4F08A954540054247B /* Debug */,
				C01FCF5008A954540054247B /* Release */,
			);
			defaultConfigurationIsVisible = 0;
			defaultConfigurationName = Release;
		};
/* End XCConfigurationList section */
	};
	rootObject = 29B97313FDCFA39411CA2CEA /* Project object */;
}
